{
  "name": "aoc",
  "version": "1.0.0",
  "lockfileVersion": 1,
  "requires": true,
  "dependencies": {
    "@types/js-combinatorics": {
      "version": "0.5.32",
      "resolved": "https://resilientplc.jfrog.io/resilientplc/api/npm/npm/@types/js-combinatorics/-/js-combinatorics-0.5.32.tgz",
      "integrity": "sha1-vvo8K26hDEX9jWcveqR3p5omAe0=",
      "dev": true
    },
    "@types/lodash": {
      "version": "4.14.109",
      "resolved": "https://registry.npmjs.org/@types/lodash/-/lodash-4.14.109.tgz",
      "integrity": "sha512-hop8SdPUEzbcJm6aTsmuwjIYQo1tqLseKCM+s2bBqTU2gErwI4fE+aqUVOlscPSQbKHKgtMMPoC+h4AIGOJYvw=="
    },
    "@types/node": {
      "version": "14.14.10",
      "resolved": "https://resilientplc.jfrog.io/resilientplc/api/npm/npm/@types/node/-/node-14.14.10.tgz",
      "integrity": "sha1-WVioLkGGPPxx8jB7N0jjSRugN4U=",
      "dev": true
    },
    "@types/sleep": {
      "version": "0.0.7",
      "resolved": "https://registry.npmjs.org/@types/sleep/-/sleep-0.0.7.tgz",
      "integrity": "sha512-zYXnuRzGcHg+f6M1ECSmJsnLeq4tLAakGC1NwqiWk8QNjybMjXOy9+YH7zV7xrQRsrautl7R4JgmovEQKh9xVA=="
    },
    "arg": {
      "version": "4.1.3",
      "resolved": "https://resilientplc.jfrog.io/resilientplc/api/npm/npm/arg/-/arg-4.1.3.tgz",
      "integrity": "sha1-Jp/HrVuOQstjyJbVZmAXJhwUQIk=",
      "dev": true
    },
    "buffer-from": {
      "version": "1.1.1",
      "resolved": "https://resilientplc.jfrog.io/resilientplc/api/npm/npm/buffer-from/-/buffer-from-1.1.1.tgz",
      "integrity": "sha1-MnE7wCj3XAL9txDXx7zsHyxgcO8=",
      "dev": true
    },
    "create-require": {
      "version": "1.1.1",
      "resolved": "https://resilientplc.jfrog.io/resilientplc/api/npm/npm/create-require/-/create-require-1.1.1.tgz",
      "integrity": "sha1-wdfo8eX2z8n/ZfnNNS03NIdWwzM=",
      "dev": true
    },
    "diff": {
      "version": "4.0.2",
      "resolved": "https://resilientplc.jfrog.io/resilientplc/api/npm/npm/diff/-/diff-4.0.2.tgz",
      "integrity": "sha1-YPOuy4nV+uUgwRqhnvwruYKq3n0=",
      "dev": true
    },
    "js-combinatorics": {
      "version": "1.4.5",
      "resolved": "https://resilientplc.jfrog.io/resilientplc/api/npm/npm/js-combinatorics/-/js-combinatorics-1.4.5.tgz",
      "integrity": "sha1-+bXVe6l9HbpCDBM7Tdv6vFpBNTw=",
      "dev": true
    },
    "lodash": {
      "version": "4.17.20",
      "resolved": "https://resilientplc.jfrog.io/resilientplc/api/npm/npm/lodash/-/lodash-4.17.20.tgz",
      "integrity": "sha1-tEqbYpe8tpjxxRo1RaKzs2jVnFI="
    },
    "make-error": {
      "version": "1.3.6",
      "resolved": "https://resilientplc.jfrog.io/resilientplc/api/npm/npm/make-error/-/make-error-1.3.6.tgz",
      "integrity": "sha1-LrLjfqm2fEiR9oShOUeZr0hM96I=",
      "dev": true
    },
    "nan": {
      "version": "2.14.2",
      "resolved": "https://resilientplc.jfrog.io/resilientplc/api/npm/npm/nan/-/nan-2.14.2.tgz",
      "integrity": "sha1-9TdkAGlRaPTMaUrJOT0MlYXu6hk="
    },
    "prettier": {
      "version": "2.2.1",
      "resolved": "https://resilientplc.jfrog.io/resilientplc/api/npm/npm/prettier/-/prettier-2.2.1.tgz",
      "integrity": "sha1-eVoaeN1S8HPaDNQrIfnJE4GSP/U=",
      "dev": true
    },
    "sleep": {
      "version": "6.3.0",
      "resolved": "https://resilientplc.jfrog.io/resilientplc/api/npm/npm/sleep/-/sleep-6.3.0.tgz",
      "integrity": "sha1-xSTg5tjS5F0/FOC6VlD75F8q6HY=",
      "requires": {
        "nan": "^2.14.1"
      }
    },
    "source-map": {
      "version": "0.6.1",
      "resolved": "https://resilientplc.jfrog.io/resilientplc/api/npm/npm/source-map/-/source-map-0.6.1.tgz",
      "integrity": "sha1-dHIq8y6WFOnCh6jQu95IteLxomM=",
      "dev": true
    },
    "source-map-support": {
      "version": "0.5.19",
      "resolved": "https://resilientplc.jfrog.io/resilientplc/api/npm/npm/source-map-support/-/source-map-support-0.5.19.tgz",
      "integrity": "sha1-qYti+G3K9PZzmWSMCFKRq56P7WE=",
      "dev": true,
      "requires": {
        "buffer-from": "^1.0.0",
        "source-map": "^0.6.0"
      }
    },
    "ts-node": {
      "version": "9.1.0",
      "resolved": "https://resilientplc.jfrog.io/resilientplc/api/npm/npm/ts-node/-/ts-node-9.1.0.tgz",
      "integrity": "sha1-lerkxtD5TyVFiEB44esbFNIVVjk=",
      "dev": true,
      "requires": {
        "arg": "^4.1.0",
        "create-require": "^1.1.0",
        "diff": "^4.0.1",
        "make-error": "^1.1.1",
        "source-map-support": "^0.5.17",
        "yn": "3.1.1"
      }
    },
    "typescript": {
      "version": "4.1.2",
      "resolved": "https://resilientplc.jfrog.io/resilientplc/api/npm/npm/typescript/-/typescript-4.1.2.tgz",
      "integrity": "sha1-Y2nvIlFv5eEDBKrlpcSGLbVTgOk="
    },
    "yn": {
      "version": "3.1.1",
      "resolved": "https://resilientplc.jfrog.io/resilientplc/api/npm/npm/yn/-/yn-3.1.1.tgz",
      "integrity": "sha1-HodAGgnXZ8HV6rJqbkwYUYLS61A=",
      "dev": true
    }
  }
}
